# This file is automatically @generated by Cargo.
# It is not intended for manual editing.
version = 4

[[package]]
name = "libc"
version = "0.2.151"
source = "git+https://github.com/wasix-org/libc?branch=master#2c0250f5adab47f99d94ef80e82a87f7dfe5e8f5"

[[package]]
name = "rust-terminal-game"
version = "0.1.0"
dependencies = [
 "libc",
]
