# This file is automatically @generated by Cargo.
# It is not intended for manual editing.
version = 4

[[package]]
name = "libc"
version = "0.2.151"

[[package]]
name = "rust-terminal-game"
version = "0.1.0"
dependencies = [
 "libc",
]

[[patch.unused]]
name = "libc"
version = "0.2.151"
source = "git+https://github.com/thenotary/libc?branch=allow-basic-tcgetattr#c557b7697b455a015fbfd3f2772042ed3e18aef1"
